{
  "nodes": {
    "homebrew": {
      "flake": false,
      "locked": {
        "lastModified": 1778427648,
        "narHash": "sha256-pt9KaDGsMyYWB9JeHs4XGHs870f1lOZe3vx9LpVIhUE=",
        "owner": "homebrew",
        "repo": "brew",
        "rev": "6f293daa9f9f5832e13b497976335e90509886d7",
        "type": "github"
      },
      "original": {
        "owner": "homebrew",
        "ref": "5.1.11",
        "repo": "brew",
        "type": "github"
      }
    },
    "homebrew-cask": {
      "flake": false,
      "locked": {
        "lastModified": 1779073315,
        "narHash": "sha256-JSYbomzrf6bULzalWM9RdUTC7OvdSt5VKVJBZTG8RFU=",
        "owner": "homebrew",
        "repo": "homebrew-cask",
        "rev": "c5ad806688a3e353987bbe7c6b85aeeb3f15e8b1",
        "type": "github"
      },
      "original": {
        "owner": "homebrew",
        "repo": "homebrew-cask",
        "type": "github"
      }
    },
    "homebrew-core": {
      "flake": false,
      "locked": {
        "lastModified": 1779073823,
        "narHash": "sha256-ad7+g/Dh+8VtvXZd2AD6kDz95JEIdBvv070IBvVWBS0=",
        "owner": "homebrew",
        "repo": "homebrew-core",
        "rev": "5397a91540d95d777c8823cc40c7d1d7933a7c54",
        "type": "github"
      },
      "original": {
        "owner": "homebrew",
        "repo": "homebrew-core",
        "type": "github"
      }
    },
    "root": {
      "inputs": {
        "homebrew": "homebrew",
        "homebrew-cask": "homebrew-cask",
        "homebrew-core": "homebrew-core",
        "xcode-cli-tools": "xcode-cli-tools"
      }
    },
    "xcode-cli-tools": {
      "locked": {
        "lastModified": 1760190940,
        "narHash": "sha256-+j9X8USHXiUzkgE4Wl7y3T1yx1QYaKjPnTJcZZLRejQ=",
        "owner": "nix-ois",
        "repo": "nix-xcode-cli-tools",
        "rev": "82e07fae22edba273c6eeb38774e4e87fe1f4555",
        "type": "github"
      },
      "original": {
        "owner": "nix-ois",
        "repo": "nix-xcode-cli-tools",
        "type": "github"
      }
    }
  },
  "root": "root",
  "version": 7
}
