{
  "nodes": {
    "homebrew": {
      "flake": false,
      "locked": {
        "lastModified": 1768728749,
        "narHash": "sha256-aUybGnQsEmHyIyC3pMcvdLGx0U+Lp422H6NecIXblaY=",
        "owner": "homebrew",
        "repo": "brew",
        "rev": "a36eea6fe705eef966f0acd609e471c9b7541a6b",
        "type": "github"
      },
      "original": {
        "owner": "homebrew",
        "ref": "5.0.11",
        "repo": "brew",
        "type": "github"
      }
    },
    "homebrew-cask": {
      "flake": false,
      "locked": {
        "lastModified": 1769046022,
        "narHash": "sha256-reek8RKbbI3uyCA1Sy2169yw4JNE2a9B8NR+V+t3RYk=",
        "owner": "homebrew",
        "repo": "homebrew-cask",
        "rev": "b500fd9c928956daacb80c3fb62d8c41c23c8924",
        "type": "github"
      },
      "original": {
        "owner": "homebrew",
        "repo": "homebrew-cask",
        "type": "github"
      }
    },
    "homebrew-core": {
      "flake": false,
      "locked": {
        "lastModified": 1769044820,
        "narHash": "sha256-935OpBBJQXcEJ/gOkhSg4zUADc3/tYbZKGpyy25QFHk=",
        "owner": "homebrew",
        "repo": "homebrew-core",
        "rev": "70ce75e5b99be0fc7b5ff5c553875cf1cb934cd1",
        "type": "github"
      },
      "original": {
        "owner": "homebrew",
        "repo": "homebrew-core",
        "type": "github"
      }
    },
    "root": {
      "inputs": {
        "homebrew": "homebrew",
        "homebrew-cask": "homebrew-cask",
        "homebrew-core": "homebrew-core",
        "xcode-cli-tools": "xcode-cli-tools"
      }
    },
    "xcode-cli-tools": {
      "locked": {
        "lastModified": 1760190940,
        "narHash": "sha256-+j9X8USHXiUzkgE4Wl7y3T1yx1QYaKjPnTJcZZLRejQ=",
        "owner": "nix-ois",
        "repo": "nix-xcode-cli-tools",
        "rev": "82e07fae22edba273c6eeb38774e4e87fe1f4555",
        "type": "github"
      },
      "original": {
        "owner": "nix-ois",
        "repo": "nix-xcode-cli-tools",
        "type": "github"
      }
    }
  },
  "root": "root",
  "version": 7
}
