{
  "nodes": {
    "homebrew": {
      "flake": false,
      "locked": {
        "lastModified": 1773250168,
        "narHash": "sha256-Uh1WqU3WTzbl2uNpqd0+0uZ9IYW+lOCEpAM0LjXLWm0=",
        "owner": "homebrew",
        "repo": "brew",
        "rev": "4135badeddc3899aa2e89d3ea1caee320c55d299",
        "type": "github"
      },
      "original": {
        "owner": "homebrew",
        "ref": "5.1.0",
        "repo": "brew",
        "type": "github"
      }
    },
    "homebrew-cask": {
      "flake": false,
      "locked": {
        "lastModified": 1773626608,
        "narHash": "sha256-Dha1kKJvXu+mtRlgZUvfvEEzvcE5IKr7ovFC2Zazrjk=",
        "owner": "homebrew",
        "repo": "homebrew-cask",
        "rev": "16bcdf2f5185bb1e3a3cce2834fca055bb7fc598",
        "type": "github"
      },
      "original": {
        "owner": "homebrew",
        "repo": "homebrew-cask",
        "type": "github"
      }
    },
    "homebrew-core": {
      "flake": false,
      "locked": {
        "lastModified": 1773623633,
        "narHash": "sha256-6ob+e7+ENe3QH19qMo3yDaBKkj8irL4tpUcXBxpPj98=",
        "owner": "homebrew",
        "repo": "homebrew-core",
        "rev": "c7b1e2633848b5c60c1ec2227ba282c7d5499712",
        "type": "github"
      },
      "original": {
        "owner": "homebrew",
        "repo": "homebrew-core",
        "type": "github"
      }
    },
    "root": {
      "inputs": {
        "homebrew": "homebrew",
        "homebrew-cask": "homebrew-cask",
        "homebrew-core": "homebrew-core",
        "xcode-cli-tools": "xcode-cli-tools"
      }
    },
    "xcode-cli-tools": {
      "locked": {
        "lastModified": 1760190940,
        "narHash": "sha256-+j9X8USHXiUzkgE4Wl7y3T1yx1QYaKjPnTJcZZLRejQ=",
        "owner": "nix-ois",
        "repo": "nix-xcode-cli-tools",
        "rev": "82e07fae22edba273c6eeb38774e4e87fe1f4555",
        "type": "github"
      },
      "original": {
        "owner": "nix-ois",
        "repo": "nix-xcode-cli-tools",
        "type": "github"
      }
    }
  },
  "root": "root",
  "version": 7
}
